// !$*UTF8*$!
{
	archiveVersion = 1;
	classes = {
	};
	objectVersion = 56;
	objects = {

/* Begin PBXBuildFile section */
		BF036E092B0A837A00DDFBB4 /* DashboardView2.swift in Sources */ = {isa = PBXBuildFile; fileRef = BF036E082B0A837A00DDFBB4 /* DashboardView2.swift */; };
		BFC0FF672B0540BC00A6B382 /* Alegreya Sans Regular 400.ttf in Resources */ = {isa = PBXBuildFile; fileRef = BFC0FF662B0540BC00A6B382 /* Alegreya Sans Regular 400.ttf */; };
		BFC0FF692B055AE400A6B382 /* SansitaSwashed-VariableFont_wght.ttf in Resources */ = {isa = PBXBuildFile; fileRef = BFC0FF682B055AE400A6B382 /* SansitaSwashed-VariableFont_wght.ttf */; };
		DA046C982AF93FA5003EFE3A /* Calendar.swift in Sources */ = {isa = PBXBuildFile; fileRef = DA046C972AF93FA5003EFE3A /* Calendar.swift */; };
		DA046C9B2AF9402E003EFE3A /* FSCalendar in Frameworks */ = {isa = PBXBuildFile; productRef = DA046C9A2AF9402E003EFE3A /* FSCalendar */; };
		DA046C9D2AF940BF003EFE3A /* Extension+Calender.swift in Sources */ = {isa = PBXBuildFile; fileRef = DA046C9C2AF940BF003EFE3A /* Extension+Calender.swift */; };
		DA046C9F2AF9E116003EFE3A /* WeekUtil.swift in Sources */ = {isa = PBXBuildFile; fileRef = DA046C9E2AF9E116003EFE3A /* WeekUtil.swift */; };
		DA046CA12AF9E16D003EFE3A /* Date+Extension.swift in Sources */ = {isa = PBXBuildFile; fileRef = DA046CA02AF9E16D003EFE3A /* Date+Extension.swift */; };
		DA046CA32AF9E1FB003EFE3A /* WeeksTabView.swift in Sources */ = {isa = PBXBuildFile; fileRef = DA046CA22AF9E1FB003EFE3A /* WeeksTabView.swift */; };
		DA046CA52AF9E31D003EFE3A /* WeekView.swift in Sources */ = {isa = PBXBuildFile; fileRef = DA046CA42AF9E31D003EFE3A /* WeekView.swift */; };
		DA046CA72AFB22B7003EFE3A /* RingSleepTabView.swift in Sources */ = {isa = PBXBuildFile; fileRef = DA046CA62AFB22B7003EFE3A /* RingSleepTabView.swift */; };
		DA0E5B1B2ADF108F002563DB /* Screen5Viewnot.swift in Sources */ = {isa = PBXBuildFile; fileRef = DA0E5B1A2ADF108F002563DB /* Screen5Viewnot.swift */; };
		DA0E5B1D2ADF6D3F002563DB /* Screen6notView.swift in Sources */ = {isa = PBXBuildFile; fileRef = DA0E5B1C2ADF6D3F002563DB /* Screen6notView.swift */; };
		DA0E5B1F2ADF709B002563DB /* Screen5View.swift in Sources */ = {isa = PBXBuildFile; fileRef = DA0E5B1E2ADF709B002563DB /* Screen5View.swift */; };
		DA0E5B212ADF7F89002563DB /* RoundedPicker.swift in Sources */ = {isa = PBXBuildFile; fileRef = DA0E5B202ADF7F89002563DB /* RoundedPicker.swift */; };
		DA1D17452B0151E200CDA3C6 /* BeforeSleepFeelingView.swift in Sources */ = {isa = PBXBuildFile; fileRef = DA1D17442B0151E200CDA3C6 /* BeforeSleepFeelingView.swift */; };
		DA1D17472B01542400CDA3C6 /* RoundedFeelingView.swift in Sources */ = {isa = PBXBuildFile; fileRef = DA1D17462B01542400CDA3C6 /* RoundedFeelingView.swift */; };
		DA1D17492B01B79C00CDA3C6 /* AfterSleepFeelingView.swift in Sources */ = {isa = PBXBuildFile; fileRef = DA1D17482B01B79C00CDA3C6 /* AfterSleepFeelingView.swift */; };
		DA1D174B2B02144800CDA3C6 /* JournalComponent.swift in Sources */ = {isa = PBXBuildFile; fileRef = DA1D174A2B02144800CDA3C6 /* JournalComponent.swift */; };
		DA1D174D2B02149700CDA3C6 /* JournalEntry.swift in Sources */ = {isa = PBXBuildFile; fileRef = DA1D174C2B02149700CDA3C6 /* JournalEntry.swift */; };
		DA1D174F2B02150300CDA3C6 /* AddJournalView.swift in Sources */ = {isa = PBXBuildFile; fileRef = DA1D174E2B02150300CDA3C6 /* AddJournalView.swift */; };
		DA2C324C2AEB4DAA00D18B19 /* HealthManager.swift in Sources */ = {isa = PBXBuildFile; fileRef = DA2C324B2AEB4DAA00D18B19 /* HealthManager.swift */; };
		DA2C324E2AEB512600D18B19 /* SleepManager.swift in Sources */ = {isa = PBXBuildFile; fileRef = DA2C324D2AEB512600D18B19 /* SleepManager.swift */; };
		DA2C32522AEB576700D18B19 /* SleepFilter.swift in Sources */ = {isa = PBXBuildFile; fileRef = DA2C32512AEB576700D18B19 /* SleepFilter.swift */; };
		DA2C32562AEB5FB300D18B19 /* StepService.swift in Sources */ = {isa = PBXBuildFile; fileRef = DA2C32552AEB5FB300D18B19 /* StepService.swift */; };
		DA2C32582AEB73B400D18B19 /* UserNotificationService.swift in Sources */ = {isa = PBXBuildFile; fileRef = DA2C32572AEB73B400D18B19 /* UserNotificationService.swift */; };
		DA2C325A2AEB76DB00D18B19 /* WalkTroughView.swift in Sources */ = {isa = PBXBuildFile; fileRef = DA2C32592AEB76DB00D18B19 /* WalkTroughView.swift */; };
		DA2F3AED2AE1A5EF0032E190 /* Screen6View.swift in Sources */ = {isa = PBXBuildFile; fileRef = DA2F3AEC2AE1A5EF0032E190 /* Screen6View.swift */; };
		DA2F3AEF2AE1A6390032E190 /* Screen8View.swift in Sources */ = {isa = PBXBuildFile; fileRef = DA2F3AEE2AE1A6390032E190 /* Screen8View.swift */; };
		DA3028372AEF939300A334FA /* CustomViewButton.swift in Sources */ = {isa = PBXBuildFile; fileRef = DA3028362AEF939300A334FA /* CustomViewButton.swift */; };
		DA3028392AEF959E00A334FA /* TodayStepView.swift in Sources */ = {isa = PBXBuildFile; fileRef = DA3028382AEF959E00A334FA /* TodayStepView.swift */; };
		DA4A733A2AFD5302002DC913 /* KiwKiwView.swift in Sources */ = {isa = PBXBuildFile; fileRef = DA4A73392AFD5302002DC913 /* KiwKiwView.swift */; };
		DA4AABCA2AFC6C040016A134 /* DetailSleepView.swift in Sources */ = {isa = PBXBuildFile; fileRef = DA4AABC92AFC6C040016A134 /* DetailSleepView.swift */; };
		DA741A3A2B03189500921DF2 /* DailyHabitsViewModel.swift in Sources */ = {isa = PBXBuildFile; fileRef = DA741A392B03189500921DF2 /* DailyHabitsViewModel.swift */; };
		DA8CE7262AE6F70100884062 /* HabitReminderView.swift in Sources */ = {isa = PBXBuildFile; fileRef = DA8CE7252AE6F70100884062 /* HabitReminderView.swift */; };
		DA8CE7282AE75E4900884062 /* SunlightReminderView.swift in Sources */ = {isa = PBXBuildFile; fileRef = DA8CE7272AE75E4900884062 /* SunlightReminderView.swift */; };
		DA8CE72C2AE76BA000884062 /* StepReminderView.swift in Sources */ = {isa = PBXBuildFile; fileRef = DA8CE72B2AE76BA000884062 /* StepReminderView.swift */; };
		DA8CE72E2AE76CF500884062 /* PowerNapReminderView.swift in Sources */ = {isa = PBXBuildFile; fileRef = DA8CE72D2AE76CF500884062 /* PowerNapReminderView.swift */; };
		DA8CE7302AE76D8300884062 /* CaffeineReminderView.swift in Sources */ = {isa = PBXBuildFile; fileRef = DA8CE72F2AE76D8300884062 /* CaffeineReminderView.swift */; };
		DA8CE7322AE76DCE00884062 /* MealReminderView.swift in Sources */ = {isa = PBXBuildFile; fileRef = DA8CE7312AE76DCE00884062 /* MealReminderView.swift */; };
		DA8CE7342AE76E2B00884062 /* WorkOutReminderView.swift in Sources */ = {isa = PBXBuildFile; fileRef = DA8CE7332AE76E2B00884062 /* WorkOutReminderView.swift */; };
		DA8CE7362AE76E7A00884062 /* JournalingReminderView.swift in Sources */ = {isa = PBXBuildFile; fileRef = DA8CE7352AE76E7A00884062 /* JournalingReminderView.swift */; };
		DA8CE7382AE76EB000884062 /* DimTheLightReminderView.swift in Sources */ = {isa = PBXBuildFile; fileRef = DA8CE7372AE76EB000884062 /* DimTheLightReminderView.swift */; };
		DA8CE73A2AE76F3C00884062 /* HygieneView.swift in Sources */ = {isa = PBXBuildFile; fileRef = DA8CE7392AE76F3C00884062 /* HygieneView.swift */; };
		DA8CE73C2AE77CA300884062 /* MeetChilaView.swift in Sources */ = {isa = PBXBuildFile; fileRef = DA8CE73B2AE77CA300884062 /* MeetChilaView.swift */; };
		DA8CE73E2AE77E9B00884062 /* PlanView.swift in Sources */ = {isa = PBXBuildFile; fileRef = DA8CE73D2AE77E9B00884062 /* PlanView.swift */; };
		DA8CE7402AE77EED00884062 /* TrackView.swift in Sources */ = {isa = PBXBuildFile; fileRef = DA8CE73F2AE77EED00884062 /* TrackView.swift */; };
		DA8CE7422AE77F3600884062 /* RemindView.swift in Sources */ = {isa = PBXBuildFile; fileRef = DA8CE7412AE77F3600884062 /* RemindView.swift */; };
		DA8CE7642AE7B03900884062 /* Persistence.swift in Sources */ = {isa = PBXBuildFile; fileRef = DA8CE7632AE7B03900884062 /* Persistence.swift */; };
		DA8CE7672AE7B06600884062 /* SleepWell.xcdatamodeld in Sources */ = {isa = PBXBuildFile; fileRef = DA8CE7652AE7B06600884062 /* SleepWell.xcdatamodeld */; };
		DA8CE7942AE8249100884062 /* UserModel.swift in Sources */ = {isa = PBXBuildFile; fileRef = DA8CE7932AE8249100884062 /* UserModel.swift */; };
		DA8DC43F2AF019E800FA476A /* FeatureView.swift in Sources */ = {isa = PBXBuildFile; fileRef = DA8DC43E2AF019E800FA476A /* FeatureView.swift */; };
		DA8DC4422AF02DF300FA476A /* SleepProblemView.swift in Sources */ = {isa = PBXBuildFile; fileRef = DA8DC4412AF02DF300FA476A /* SleepProblemView.swift */; };
		DA8DC4452AF03B3000FA476A /* SplashScreenView.swift in Sources */ = {isa = PBXBuildFile; fileRef = DA8DC4442AF03B3000FA476A /* SplashScreenView.swift */; };
		DA8DC4472AF0A9D500FA476A /* ScreenTimeView.swift in Sources */ = {isa = PBXBuildFile; fileRef = DA8DC4462AF0A9D500FA476A /* ScreenTimeView.swift */; };
		DA8DC4492AF0ABE500FA476A /* LimitAlcoholView.swift in Sources */ = {isa = PBXBuildFile; fileRef = DA8DC4482AF0ABE500FA476A /* LimitAlcoholView.swift */; };
		DA8DC44B2AF0AC7B00FA476A /* MeditationView.swift in Sources */ = {isa = PBXBuildFile; fileRef = DA8DC44A2AF0AC7B00FA476A /* MeditationView.swift */; };
		DA8DC44E2AF152F300FA476A /* MySleepView.swift in Sources */ = {isa = PBXBuildFile; fileRef = DA8DC44D2AF152F300FA476A /* MySleepView.swift */; };
		DA9099B92AE909D50011B09B /* DashboardView.swift in Sources */ = {isa = PBXBuildFile; fileRef = DA9099B82AE909D50011B09B /* DashboardView.swift */; };
		DA9099BB2AE911060011B09B /* CircularBarView.swift in Sources */ = {isa = PBXBuildFile; fileRef = DA9099BA2AE911060011B09B /* CircularBarView.swift */; };
		DA9099BD2AE911F20011B09B /* StepCircularView.swift in Sources */ = {isa = PBXBuildFile; fileRef = DA9099BC2AE911F20011B09B /* StepCircularView.swift */; };
		DA9099BF2AE95E9D0011B09B /* UIColor+Entensions.swift in Sources */ = {isa = PBXBuildFile; fileRef = DA9099BE2AE95E9D0011B09B /* UIColor+Entensions.swift */; };
		DA945B292AEFB6F5009E7D64 /* JournalView.swift in Sources */ = {isa = PBXBuildFile; fileRef = DA945B282AEFB6F5009E7D64 /* JournalView.swift */; };
		DA945B2B2AEFF321009E7D64 /* TesAutoSlide.swift in Sources */ = {isa = PBXBuildFile; fileRef = DA945B2A2AEFF321009E7D64 /* TesAutoSlide.swift */; };
		DA94B1212B0380CC00086A2E /* Test.swift in Sources */ = {isa = PBXBuildFile; fileRef = DA94B1202B0380CC00086A2E /* Test.swift */; };
		DAAD1B2B2AE8B7AC00C85F43 /* DateUtil.swift in Sources */ = {isa = PBXBuildFile; fileRef = DAAD1B2A2AE8B7AC00C85F43 /* DateUtil.swift */; };
		DAAD1B2D2AE8B94100C85F43 /* SleepUtil.swift in Sources */ = {isa = PBXBuildFile; fileRef = DAAD1B2C2AE8B94100C85F43 /* SleepUtil.swift */; };
		DAAD1B2F2AE8BED200C85F43 /* UserViewModel.swift in Sources */ = {isa = PBXBuildFile; fileRef = DAAD1B2E2AE8BED200C85F43 /* UserViewModel.swift */; };
		DABFA33F2AE132570012DEC2 /* SleepManager2.swift in Sources */ = {isa = PBXBuildFile; fileRef = DABFA33E2AE132570012DEC2 /* SleepManager2.swift */; };
		DABFA3412AE1327D0012DEC2 /* SleepEntry.swift in Sources */ = {isa = PBXBuildFile; fileRef = DABFA3402AE1327D0012DEC2 /* SleepEntry.swift */; };
		DABFA3442AE17B590012DEC2 /* SelectionView.swift in Sources */ = {isa = PBXBuildFile; fileRef = DABFA3432AE17B590012DEC2 /* SelectionView.swift */; };
		DACC39392AD531F2002E488D /* SleepWellApp.swift in Sources */ = {isa = PBXBuildFile; fileRef = DACC39382AD531F2002E488D /* SleepWellApp.swift */; };
		DACC393B2AD531F2002E488D /* ContentView.swift in Sources */ = {isa = PBXBuildFile; fileRef = DACC393A2AD531F2002E488D /* ContentView.swift */; };
		DACC393D2AD531F4002E488D /* Assets.xcassets in Resources */ = {isa = PBXBuildFile; fileRef = DACC393C2AD531F4002E488D /* Assets.xcassets */; };
		DACC39402AD531F4002E488D /* Preview Assets.xcassets in Resources */ = {isa = PBXBuildFile; fileRef = DACC393F2AD531F4002E488D /* Preview Assets.xcassets */; };
		DACC394A2AD531F4002E488D /* SleepWellTests.swift in Sources */ = {isa = PBXBuildFile; fileRef = DACC39492AD531F4002E488D /* SleepWellTests.swift */; };
		DACC39542AD531F4002E488D /* SleepWellUITests.swift in Sources */ = {isa = PBXBuildFile; fileRef = DACC39532AD531F4002E488D /* SleepWellUITests.swift */; };
		DACC39562AD531F4002E488D /* SleepWellUITestsLaunchTests.swift in Sources */ = {isa = PBXBuildFile; fileRef = DACC39552AD531F4002E488D /* SleepWellUITestsLaunchTests.swift */; };
		DACC39692AD533B5002E488D /* HomeScreenView.swift in Sources */ = {isa = PBXBuildFile; fileRef = DACC39682AD533B5002E488D /* HomeScreenView.swift */; };
		DADBD0172ADD236300E74D3C /* OnBoardingView.swift in Sources */ = {isa = PBXBuildFile; fileRef = DADBD0162ADD236300E74D3C /* OnBoardingView.swift */; };
		DADBD01A2ADD302400E74D3C /* Color+Extensions.swift in Sources */ = {isa = PBXBuildFile; fileRef = DADBD0192ADD302400E74D3C /* Color+Extensions.swift */; };
		DADBD01C2ADD33D300E74D3C /* RoundedButton.swift in Sources */ = {isa = PBXBuildFile; fileRef = DADBD01B2ADD33D300E74D3C /* RoundedButton.swift */; };
		DADBD0202ADE213400E74D3C /* Screen1View.swift in Sources */ = {isa = PBXBuildFile; fileRef = DADBD01F2ADE213400E74D3C /* Screen1View.swift */; };
		DADBD0222ADE21E100E74D3C /* Screen2View.swift in Sources */ = {isa = PBXBuildFile; fileRef = DADBD0212ADE21E100E74D3C /* Screen2View.swift */; };
		DADBD0242ADE22C400E74D3C /* Screen3View.swift in Sources */ = {isa = PBXBuildFile; fileRef = DADBD0232ADE22C400E74D3C /* Screen3View.swift */; };
		DADBD0262ADE274100E74D3C /* Screen4View.swift in Sources */ = {isa = PBXBuildFile; fileRef = DADBD0252ADE274000E74D3C /* Screen4View.swift */; };
		DADBD0282ADE27B600E74D3C /* Screen7View.swift in Sources */ = {isa = PBXBuildFile; fileRef = DADBD0272ADE27B600E74D3C /* Screen7View.swift */; };
		DADBD02A2ADE284C00E74D3C /* TImePicker.swift in Sources */ = {isa = PBXBuildFile; fileRef = DADBD0292ADE284C00E74D3C /* TImePicker.swift */; };
		DADF46132ADE321800771DF0 /* Screen7notView.swift in Sources */ = {isa = PBXBuildFile; fileRef = DADF46122ADE321800771DF0 /* Screen7notView.swift */; };
		DADF46152ADE328E00771DF0 /* Screen9View.swift in Sources */ = {isa = PBXBuildFile; fileRef = DADF46142ADE328E00771DF0 /* Screen9View.swift */; };
		DADF46172ADE389300771DF0 /* CircularDotProgressView.swift in Sources */ = {isa = PBXBuildFile; fileRef = DADF46162ADE389300771DF0 /* CircularDotProgressView.swift */; };
		DADF461B2ADE4B9900771DF0 /* ConfirmationView.swift in Sources */ = {isa = PBXBuildFile; fileRef = DADF461A2ADE4B9900771DF0 /* ConfirmationView.swift */; };
		DAEA59232B0481C4002FC70C /* DetailJournal.swift in Sources */ = {isa = PBXBuildFile; fileRef = DAEA59222B0481C4002FC70C /* DetailJournal.swift */; };
		DAEA59252B048375002FC70C /* NightView.swift in Sources */ = {isa = PBXBuildFile; fileRef = DAEA59242B048375002FC70C /* NightView.swift */; };
		DAEA59272B048395002FC70C /* WakeUpView.swift in Sources */ = {isa = PBXBuildFile; fileRef = DAEA59262B048395002FC70C /* WakeUpView.swift */; };
		DAEC5CEC2B02AFA900560BDB /* JournalViewModel.swift in Sources */ = {isa = PBXBuildFile; fileRef = DAEC5CEB2B02AFA900560BDB /* JournalViewModel.swift */; };
		DAEC5CEE2B02BDE800560BDB /* DailyHabbit.swift in Sources */ = {isa = PBXBuildFile; fileRef = DAEC5CED2B02BDE800560BDB /* DailyHabbit.swift */; };
		DAED2F4C2AFFCC2800915BC7 /* RoundedRectanglePink.swift in Sources */ = {isa = PBXBuildFile; fileRef = DAED2F4B2AFFCC2800915BC7 /* RoundedRectanglePink.swift */; };
		DAED2F4E2AFFE29000915BC7 /* RoundedRectangleFeeling.swift in Sources */ = {isa = PBXBuildFile; fileRef = DAED2F4D2AFFE29000915BC7 /* RoundedRectangleFeeling.swift */; };
		DAED2F522AFFFBE900915BC7 /* HabbitCard.swift in Sources */ = {isa = PBXBuildFile; fileRef = DAED2F512AFFFBE900915BC7 /* HabbitCard.swift */; };
		DAF2F6222AED4C3D004C8F72 /* ReminderViewModel.swift in Sources */ = {isa = PBXBuildFile; fileRef = DAF2F6212AED4C3D004C8F72 /* ReminderViewModel.swift */; };
		DAF2F6242AED4D29004C8F72 /* ReminderModel.swift in Sources */ = {isa = PBXBuildFile; fileRef = DAF2F6232AED4D29004C8F72 /* ReminderModel.swift */; };
		DAF2F6262AED9CB9004C8F72 /* HydratedView.swift in Sources */ = {isa = PBXBuildFile; fileRef = DAF2F6252AED9CB9004C8F72 /* HydratedView.swift */; };
		DAF2F6282AED9EC4004C8F72 /* BreatheView.swift in Sources */ = {isa = PBXBuildFile; fileRef = DAF2F6272AED9EC4004C8F72 /* BreatheView.swift */; };
		DAF2F62A2AED9F96004C8F72 /* BreaksView.swift in Sources */ = {isa = PBXBuildFile; fileRef = DAF2F6292AED9F96004C8F72 /* BreaksView.swift */; };
		DAF2F62C2AEEAD2D004C8F72 /* SleepReminderView.swift in Sources */ = {isa = PBXBuildFile; fileRef = DAF2F62B2AEEAD2D004C8F72 /* SleepReminderView.swift */; };
		DAF86C532AE6132300E11DC6 /* DataUtil.swift in Sources */ = {isa = PBXBuildFile; fileRef = DAF86C522AE6132300E11DC6 /* DataUtil.swift */; };
		DAF86C562AE6134100E11DC6 /* NavigationButton.swift in Sources */ = {isa = PBXBuildFile; fileRef = DAF86C552AE6134100E11DC6 /* NavigationButton.swift */; };
		DAF86C592AE6C71700E11DC6 /* ProfileView.swift in Sources */ = {isa = PBXBuildFile; fileRef = DAF86C582AE6C71700E11DC6 /* ProfileView.swift */; };
/* End PBXBuildFile section */

/* Begin PBXContainerItemProxy section */
		DACC39462AD531F4002E488D /* PBXContainerItemProxy */ = {
			isa = PBXContainerItemProxy;
			containerPortal = DACC392D2AD531F2002E488D /* Project object */;
			proxyType = 1;
			remoteGlobalIDString = DACC39342AD531F2002E488D;
			remoteInfo = SleepWell;
		};
		DACC39502AD531F4002E488D /* PBXContainerItemProxy */ = {
			isa = PBXContainerItemProxy;
			containerPortal = DACC392D2AD531F2002E488D /* Project object */;
			proxyType = 1;
			remoteGlobalIDString = DACC39342AD531F2002E488D;
			remoteInfo = SleepWell;
		};
/* End PBXContainerItemProxy section */

/* Begin PBXFileReference section */
		BF036E082B0A837A00DDFBB4 /* DashboardView2.swift */ = {isa = PBXFileReference; lastKnownFileType = sourcecode.swift; path = DashboardView2.swift; sourceTree = "<group>"; };
		BFC0FF612B04D81E00A6B382 /* Info.plist */ = {isa = PBXFileReference; lastKnownFileType = text.plist; path = Info.plist; sourceTree = "<group>"; };
		BFC0FF662B0540BC00A6B382 /* Alegreya Sans Regular 400.ttf */ = {isa = PBXFileReference; lastKnownFileType = file; name = "Alegreya Sans Regular 400.ttf"; path = "../../../../../Downloads/Alegreya Sans Regular 400.ttf"; sourceTree = "<group>"; };
		BFC0FF682B055AE400A6B382 /* SansitaSwashed-VariableFont_wght.ttf */ = {isa = PBXFileReference; lastKnownFileType = file; name = "SansitaSwashed-VariableFont_wght.ttf"; path = "../../../../../Downloads/Sansita_Swashed 3/SansitaSwashed-VariableFont_wght.ttf"; sourceTree = "<group>"; };
		DA046C972AF93FA5003EFE3A /* Calendar.swift */ = {isa = PBXFileReference; lastKnownFileType = sourcecode.swift; path = Calendar.swift; sourceTree = "<group>"; };
		DA046C9C2AF940BF003EFE3A /* Extension+Calender.swift */ = {isa = PBXFileReference; lastKnownFileType = sourcecode.swift; path = "Extension+Calender.swift"; sourceTree = "<group>"; };
		DA046C9E2AF9E116003EFE3A /* WeekUtil.swift */ = {isa = PBXFileReference; lastKnownFileType = sourcecode.swift; path = WeekUtil.swift; sourceTree = "<group>"; };
		DA046CA02AF9E16D003EFE3A /* Date+Extension.swift */ = {isa = PBXFileReference; lastKnownFileType = sourcecode.swift; path = "Date+Extension.swift"; sourceTree = "<group>"; };
		DA046CA22AF9E1FB003EFE3A /* WeeksTabView.swift */ = {isa = PBXFileReference; lastKnownFileType = sourcecode.swift; path = WeeksTabView.swift; sourceTree = "<group>"; };
		DA046CA42AF9E31D003EFE3A /* WeekView.swift */ = {isa = PBXFileReference; lastKnownFileType = sourcecode.swift; path = WeekView.swift; sourceTree = "<group>"; };
		DA046CA62AFB22B7003EFE3A /* RingSleepTabView.swift */ = {isa = PBXFileReference; lastKnownFileType = sourcecode.swift; path = RingSleepTabView.swift; sourceTree = "<group>"; };
		DA0E5B1A2ADF108F002563DB /* Screen5Viewnot.swift */ = {isa = PBXFileReference; lastKnownFileType = sourcecode.swift; path = Screen5Viewnot.swift; sourceTree = "<group>"; };
		DA0E5B1C2ADF6D3F002563DB /* Screen6notView.swift */ = {isa = PBXFileReference; lastKnownFileType = sourcecode.swift; path = Screen6notView.swift; sourceTree = "<group>"; };
		DA0E5B1E2ADF709B002563DB /* Screen5View.swift */ = {isa = PBXFileReference; lastKnownFileType = sourcecode.swift; path = Screen5View.swift; sourceTree = "<group>"; };
		DA0E5B202ADF7F89002563DB /* RoundedPicker.swift */ = {isa = PBXFileReference; lastKnownFileType = sourcecode.swift; name = RoundedPicker.swift; path = SleepWell/View/Screen/OnBoarding/RoundedPicker.swift; sourceTree = SOURCE_ROOT; };
		DA1D17442B0151E200CDA3C6 /* BeforeSleepFeelingView.swift */ = {isa = PBXFileReference; lastKnownFileType = sourcecode.swift; path = BeforeSleepFeelingView.swift; sourceTree = "<group>"; };
		DA1D17462B01542400CDA3C6 /* RoundedFeelingView.swift */ = {isa = PBXFileReference; lastKnownFileType = sourcecode.swift; path = RoundedFeelingView.swift; sourceTree = "<group>"; };
		DA1D17482B01B79C00CDA3C6 /* AfterSleepFeelingView.swift */ = {isa = PBXFileReference; lastKnownFileType = sourcecode.swift; path = AfterSleepFeelingView.swift; sourceTree = "<group>"; };
		DA1D174A2B02144800CDA3C6 /* JournalComponent.swift */ = {isa = PBXFileReference; lastKnownFileType = sourcecode.swift; path = JournalComponent.swift; sourceTree = "<group>"; };
		DA1D174C2B02149700CDA3C6 /* JournalEntry.swift */ = {isa = PBXFileReference; lastKnownFileType = sourcecode.swift; path = JournalEntry.swift; sourceTree = "<group>"; };
		DA1D174E2B02150300CDA3C6 /* AddJournalView.swift */ = {isa = PBXFileReference; lastKnownFileType = sourcecode.swift; path = AddJournalView.swift; sourceTree = "<group>"; };
		DA2C324B2AEB4DAA00D18B19 /* HealthManager.swift */ = {isa = PBXFileReference; lastKnownFileType = sourcecode.swift; path = HealthManager.swift; sourceTree = "<group>"; };
		DA2C324D2AEB512600D18B19 /* SleepManager.swift */ = {isa = PBXFileReference; lastKnownFileType = sourcecode.swift; path = SleepManager.swift; sourceTree = "<group>"; };
		DA2C32512AEB576700D18B19 /* SleepFilter.swift */ = {isa = PBXFileReference; lastKnownFileType = sourcecode.swift; path = SleepFilter.swift; sourceTree = "<group>"; };
		DA2C32552AEB5FB300D18B19 /* StepService.swift */ = {isa = PBXFileReference; lastKnownFileType = sourcecode.swift; path = StepService.swift; sourceTree = "<group>"; };
		DA2C32572AEB73B400D18B19 /* UserNotificationService.swift */ = {isa = PBXFileReference; lastKnownFileType = sourcecode.swift; path = UserNotificationService.swift; sourceTree = "<group>"; };
		DA2C32592AEB76DB00D18B19 /* WalkTroughView.swift */ = {isa = PBXFileReference; lastKnownFileType = sourcecode.swift; path = WalkTroughView.swift; sourceTree = "<group>"; };
		DA2F3AEC2AE1A5EF0032E190 /* Screen6View.swift */ = {isa = PBXFileReference; lastKnownFileType = sourcecode.swift; path = Screen6View.swift; sourceTree = "<group>"; };
		DA2F3AEE2AE1A6390032E190 /* Screen8View.swift */ = {isa = PBXFileReference; lastKnownFileType = sourcecode.swift; path = Screen8View.swift; sourceTree = "<group>"; };
		DA3028362AEF939300A334FA /* CustomViewButton.swift */ = {isa = PBXFileReference; lastKnownFileType = sourcecode.swift; path = CustomViewButton.swift; sourceTree = "<group>"; };
		DA3028382AEF959E00A334FA /* TodayStepView.swift */ = {isa = PBXFileReference; lastKnownFileType = sourcecode.swift; path = TodayStepView.swift; sourceTree = "<group>"; };
		DA4A73392AFD5302002DC913 /* KiwKiwView.swift */ = {isa = PBXFileReference; lastKnownFileType = sourcecode.swift; path = KiwKiwView.swift; sourceTree = "<group>"; };
		DA4AABC92AFC6C040016A134 /* DetailSleepView.swift */ = {isa = PBXFileReference; lastKnownFileType = sourcecode.swift; path = DetailSleepView.swift; sourceTree = "<group>"; };
		DA741A392B03189500921DF2 /* DailyHabitsViewModel.swift */ = {isa = PBXFileReference; lastKnownFileType = sourcecode.swift; path = DailyHabitsViewModel.swift; sourceTree = "<group>"; };
		DA8CE7252AE6F70100884062 /* HabitReminderView.swift */ = {isa = PBXFileReference; lastKnownFileType = sourcecode.swift; path = HabitReminderView.swift; sourceTree = "<group>"; };
		DA8CE7272AE75E4900884062 /* SunlightReminderView.swift */ = {isa = PBXFileReference; lastKnownFileType = sourcecode.swift; path = SunlightReminderView.swift; sourceTree = "<group>"; };
		DA8CE72B2AE76BA000884062 /* StepReminderView.swift */ = {isa = PBXFileReference; lastKnownFileType = sourcecode.swift; path = StepReminderView.swift; sourceTree = "<group>"; };
		DA8CE72D2AE76CF500884062 /* PowerNapReminderView.swift */ = {isa = PBXFileReference; lastKnownFileType = sourcecode.swift; path = PowerNapReminderView.swift; sourceTree = "<group>"; };
		DA8CE72F2AE76D8300884062 /* CaffeineReminderView.swift */ = {isa = PBXFileReference; lastKnownFileType = sourcecode.swift; path = CaffeineReminderView.swift; sourceTree = "<group>"; };
		DA8CE7312AE76DCE00884062 /* MealReminderView.swift */ = {isa = PBXFileReference; lastKnownFileType = sourcecode.swift; path = MealReminderView.swift; sourceTree = "<group>"; };
		DA8CE7332AE76E2B00884062 /* WorkOutReminderView.swift */ = {isa = PBXFileReference; lastKnownFileType = sourcecode.swift; path = WorkOutReminderView.swift; sourceTree = "<group>"; };
		DA8CE7352AE76E7A00884062 /* JournalingReminderView.swift */ = {isa = PBXFileReference; lastKnownFileType = sourcecode.swift; path = JournalingReminderView.swift; sourceTree = "<group>"; };
		DA8CE7372AE76EB000884062 /* DimTheLightReminderView.swift */ = {isa = PBXFileReference; lastKnownFileType = sourcecode.swift; path = DimTheLightReminderView.swift; sourceTree = "<group>"; };
		DA8CE7392AE76F3C00884062 /* HygieneView.swift */ = {isa = PBXFileReference; lastKnownFileType = sourcecode.swift; path = HygieneView.swift; sourceTree = "<group>"; };
		DA8CE73B2AE77CA300884062 /* MeetChilaView.swift */ = {isa = PBXFileReference; lastKnownFileType = sourcecode.swift; path = MeetChilaView.swift; sourceTree = "<group>"; };
		DA8CE73D2AE77E9B00884062 /* PlanView.swift */ = {isa = PBXFileReference; lastKnownFileType = sourcecode.swift; path = PlanView.swift; sourceTree = "<group>"; };
		DA8CE73F2AE77EED00884062 /* TrackView.swift */ = {isa = PBXFileReference; lastKnownFileType = sourcecode.swift; path = TrackView.swift; sourceTree = "<group>"; };
		DA8CE7412AE77F3600884062 /* RemindView.swift */ = {isa = PBXFileReference; lastKnownFileType = sourcecode.swift; path = RemindView.swift; sourceTree = "<group>"; };
		DA8CE7632AE7B03900884062 /* Persistence.swift */ = {isa = PBXFileReference; lastKnownFileType = sourcecode.swift; path = Persistence.swift; sourceTree = "<group>"; };
		DA8CE7662AE7B06600884062 /* SleepWell.xcdatamodel */ = {isa = PBXFileReference; lastKnownFileType = wrapper.xcdatamodel; path = SleepWell.xcdatamodel; sourceTree = "<group>"; };
		DA8CE7932AE8249100884062 /* UserModel.swift */ = {isa = PBXFileReference; lastKnownFileType = sourcecode.swift; path = UserModel.swift; sourceTree = "<group>"; };
		DA8DC43E2AF019E800FA476A /* FeatureView.swift */ = {isa = PBXFileReference; lastKnownFileType = sourcecode.swift; path = FeatureView.swift; sourceTree = "<group>"; };
		DA8DC4412AF02DF300FA476A /* SleepProblemView.swift */ = {isa = PBXFileReference; lastKnownFileType = sourcecode.swift; path = SleepProblemView.swift; sourceTree = "<group>"; };
		DA8DC4442AF03B3000FA476A /* SplashScreenView.swift */ = {isa = PBXFileReference; lastKnownFileType = sourcecode.swift; path = SplashScreenView.swift; sourceTree = "<group>"; };
		DA8DC4462AF0A9D500FA476A /* ScreenTimeView.swift */ = {isa = PBXFileReference; lastKnownFileType = sourcecode.swift; path = ScreenTimeView.swift; sourceTree = "<group>"; };
		DA8DC4482AF0ABE500FA476A /* LimitAlcoholView.swift */ = {isa = PBXFileReference; lastKnownFileType = sourcecode.swift; path = LimitAlcoholView.swift; sourceTree = "<group>"; };
		DA8DC44A2AF0AC7B00FA476A /* MeditationView.swift */ = {isa = PBXFileReference; lastKnownFileType = sourcecode.swift; path = MeditationView.swift; sourceTree = "<group>"; };
		DA8DC44D2AF152F300FA476A /* MySleepView.swift */ = {isa = PBXFileReference; lastKnownFileType = sourcecode.swift; path = MySleepView.swift; sourceTree = "<group>"; };
		DA9099B82AE909D50011B09B /* DashboardView.swift */ = {isa = PBXFileReference; lastKnownFileType = sourcecode.swift; path = DashboardView.swift; sourceTree = "<group>"; };
		DA9099BA2AE911060011B09B /* CircularBarView.swift */ = {isa = PBXFileReference; lastKnownFileType = sourcecode.swift; path = CircularBarView.swift; sourceTree = "<group>"; };
		DA9099BC2AE911F20011B09B /* StepCircularView.swift */ = {isa = PBXFileReference; lastKnownFileType = sourcecode.swift; path = StepCircularView.swift; sourceTree = "<group>"; };
		DA9099BE2AE95E9D0011B09B /* UIColor+Entensions.swift */ = {isa = PBXFileReference; lastKnownFileType = sourcecode.swift; path = "UIColor+Entensions.swift"; sourceTree = "<group>"; };
		DA945B282AEFB6F5009E7D64 /* JournalView.swift */ = {isa = PBXFileReference; lastKnownFileType = sourcecode.swift; path = JournalView.swift; sourceTree = "<group>"; };
		DA945B2A2AEFF321009E7D64 /* TesAutoSlide.swift */ = {isa = PBXFileReference; lastKnownFileType = sourcecode.swift; path = TesAutoSlide.swift; sourceTree = "<group>"; };
		DA94B1202B0380CC00086A2E /* Test.swift */ = {isa = PBXFileReference; lastKnownFileType = sourcecode.swift; path = Test.swift; sourceTree = "<group>"; };
		DAAD1B2A2AE8B7AC00C85F43 /* DateUtil.swift */ = {isa = PBXFileReference; lastKnownFileType = sourcecode.swift; path = DateUtil.swift; sourceTree = "<group>"; };
		DAAD1B2C2AE8B94100C85F43 /* SleepUtil.swift */ = {isa = PBXFileReference; lastKnownFileType = sourcecode.swift; path = SleepUtil.swift; sourceTree = "<group>"; };
		DAAD1B2E2AE8BED200C85F43 /* UserViewModel.swift */ = {isa = PBXFileReference; lastKnownFileType = sourcecode.swift; path = UserViewModel.swift; sourceTree = "<group>"; };
		DABFA33E2AE132570012DEC2 /* SleepManager2.swift */ = {isa = PBXFileReference; lastKnownFileType = sourcecode.swift; path = SleepManager2.swift; sourceTree = "<group>"; };
		DABFA3402AE1327D0012DEC2 /* SleepEntry.swift */ = {isa = PBXFileReference; lastKnownFileType = sourcecode.swift; name = SleepEntry.swift; path = "SleepWell/View Model/SleepEntry.swift"; sourceTree = SOURCE_ROOT; };
		DABFA3422AE133980012DEC2 /* SleepWell.entitlements */ = {isa = PBXFileReference; lastKnownFileType = text.plist.entitlements; path = SleepWell.entitlements; sourceTree = "<group>"; };
		DABFA3432AE17B590012DEC2 /* SelectionView.swift */ = {isa = PBXFileReference; lastKnownFileType = sourcecode.swift; path = SelectionView.swift; sourceTree = "<group>"; };
		DACC39352AD531F2002E488D /* SleepWell.app */ = {isa = PBXFileReference; explicitFileType = wrapper.application; includeInIndex = 0; path = SleepWell.app; sourceTree = BUILT_PRODUCTS_DIR; };
		DACC39382AD531F2002E488D /* SleepWellApp.swift */ = {isa = PBXFileReference; lastKnownFileType = sourcecode.swift; path = SleepWellApp.swift; sourceTree = "<group>"; };
		DACC393A2AD531F2002E488D /* ContentView.swift */ = {isa = PBXFileReference; lastKnownFileType = sourcecode.swift; path = ContentView.swift; sourceTree = "<group>"; };
		DACC393C2AD531F4002E488D /* Assets.xcassets */ = {isa = PBXFileReference; lastKnownFileType = folder.assetcatalog; path = Assets.xcassets; sourceTree = "<group>"; };
		DACC393F2AD531F4002E488D /* Preview Assets.xcassets */ = {isa = PBXFileReference; lastKnownFileType = folder.assetcatalog; path = "Preview Assets.xcassets"; sourceTree = "<group>"; };
		DACC39452AD531F4002E488D /* SleepWellTests.xctest */ = {isa = PBXFileReference; explicitFileType = wrapper.cfbundle; includeInIndex = 0; path = SleepWellTests.xctest; sourceTree = BUILT_PRODUCTS_DIR; };
		DACC39492AD531F4002E488D /* SleepWellTests.swift */ = {isa = PBXFileReference; lastKnownFileType = sourcecode.swift; path = SleepWellTests.swift; sourceTree = "<group>"; };
		DACC394F2AD531F4002E488D /* SleepWellUITests.xctest */ = {isa = PBXFileReference; explicitFileType = wrapper.cfbundle; includeInIndex = 0; path = SleepWellUITests.xctest; sourceTree = BUILT_PRODUCTS_DIR; };
		DACC39532AD531F4002E488D /* SleepWellUITests.swift */ = {isa = PBXFileReference; lastKnownFileType = sourcecode.swift; path = SleepWellUITests.swift; sourceTree = "<group>"; };
		DACC39552AD531F4002E488D /* SleepWellUITestsLaunchTests.swift */ = {isa = PBXFileReference; lastKnownFileType = sourcecode.swift; path = SleepWellUITestsLaunchTests.swift; sourceTree = "<group>"; };
		DACC39682AD533B5002E488D /* HomeScreenView.swift */ = {isa = PBXFileReference; lastKnownFileType = sourcecode.swift; path = HomeScreenView.swift; sourceTree = "<group>"; };
		DADBD0162ADD236300E74D3C /* OnBoardingView.swift */ = {isa = PBXFileReference; lastKnownFileType = sourcecode.swift; path = OnBoardingView.swift; sourceTree = "<group>"; };
		DADBD0192ADD302400E74D3C /* Color+Extensions.swift */ = {isa = PBXFileReference; lastKnownFileType = sourcecode.swift; path = "Color+Extensions.swift"; sourceTree = "<group>"; };
		DADBD01B2ADD33D300E74D3C /* RoundedButton.swift */ = {isa = PBXFileReference; lastKnownFileType = sourcecode.swift; name = RoundedButton.swift; path = SleepWell/Extensions/RoundedButton.swift; sourceTree = SOURCE_ROOT; };
		DADBD01F2ADE213400E74D3C /* Screen1View.swift */ = {isa = PBXFileReference; lastKnownFileType = sourcecode.swift; path = Screen1View.swift; sourceTree = "<group>"; };
		DADBD0212ADE21E100E74D3C /* Screen2View.swift */ = {isa = PBXFileReference; lastKnownFileType = sourcecode.swift; path = Screen2View.swift; sourceTree = "<group>"; };
		DADBD0232ADE22C400E74D3C /* Screen3View.swift */ = {isa = PBXFileReference; lastKnownFileType = sourcecode.swift; path = Screen3View.swift; sourceTree = "<group>"; };
		DADBD0252ADE274000E74D3C /* Screen4View.swift */ = {isa = PBXFileReference; lastKnownFileType = sourcecode.swift; path = Screen4View.swift; sourceTree = "<group>"; };
		DADBD0272ADE27B600E74D3C /* Screen7View.swift */ = {isa = PBXFileReference; lastKnownFileType = sourcecode.swift; path = Screen7View.swift; sourceTree = "<group>"; };
		DADBD0292ADE284C00E74D3C /* TImePicker.swift */ = {isa = PBXFileReference; lastKnownFileType = sourcecode.swift; name = TImePicker.swift; path = SleepWell/View/Screen/OnBoarding/TImePicker.swift; sourceTree = SOURCE_ROOT; };
		DADF46122ADE321800771DF0 /* Screen7notView.swift */ = {isa = PBXFileReference; lastKnownFileType = sourcecode.swift; path = Screen7notView.swift; sourceTree = "<group>"; };
		DADF46142ADE328E00771DF0 /* Screen9View.swift */ = {isa = PBXFileReference; lastKnownFileType = sourcecode.swift; path = Screen9View.swift; sourceTree = "<group>"; };
		DADF46162ADE389300771DF0 /* CircularDotProgressView.swift */ = {isa = PBXFileReference; lastKnownFileType = sourcecode.swift; name = CircularDotProgressView.swift; path = SleepWell/View/Screen/OnBoarding/CircularDotProgressView.swift; sourceTree = SOURCE_ROOT; };
		DADF461A2ADE4B9900771DF0 /* ConfirmationView.swift */ = {isa = PBXFileReference; lastKnownFileType = sourcecode.swift; path = ConfirmationView.swift; sourceTree = "<group>"; };
		DAEA59222B0481C4002FC70C /* DetailJournal.swift */ = {isa = PBXFileReference; lastKnownFileType = sourcecode.swift; path = DetailJournal.swift; sourceTree = "<group>"; };
		DAEA59242B048375002FC70C /* NightView.swift */ = {isa = PBXFileReference; lastKnownFileType = sourcecode.swift; path = NightView.swift; sourceTree = "<group>"; };
		DAEA59262B048395002FC70C /* WakeUpView.swift */ = {isa = PBXFileReference; lastKnownFileType = sourcecode.swift; path = WakeUpView.swift; sourceTree = "<group>"; };
		DAEC5CEB2B02AFA900560BDB /* JournalViewModel.swift */ = {isa = PBXFileReference; lastKnownFileType = sourcecode.swift; path = JournalViewModel.swift; sourceTree = "<group>"; };
		DAEC5CED2B02BDE800560BDB /* DailyHabbit.swift */ = {isa = PBXFileReference; lastKnownFileType = sourcecode.swift; path = DailyHabbit.swift; sourceTree = "<group>"; };
		DAED2F4B2AFFCC2800915BC7 /* RoundedRectanglePink.swift */ = {isa = PBXFileReference; lastKnownFileType = sourcecode.swift; path = RoundedRectanglePink.swift; sourceTree = "<group>"; };
		DAED2F4D2AFFE29000915BC7 /* RoundedRectangleFeeling.swift */ = {isa = PBXFileReference; lastKnownFileType = sourcecode.swift; path = RoundedRectangleFeeling.swift; sourceTree = "<group>"; };
		DAED2F512AFFFBE900915BC7 /* HabbitCard.swift */ = {isa = PBXFileReference; lastKnownFileType = sourcecode.swift; path = HabbitCard.swift; sourceTree = "<group>"; };
		DAF2F6212AED4C3D004C8F72 /* ReminderViewModel.swift */ = {isa = PBXFileReference; lastKnownFileType = sourcecode.swift; path = ReminderViewModel.swift; sourceTree = "<group>"; };
		DAF2F6232AED4D29004C8F72 /* ReminderModel.swift */ = {isa = PBXFileReference; lastKnownFileType = sourcecode.swift; path = ReminderModel.swift; sourceTree = "<group>"; };
		DAF2F6252AED9CB9004C8F72 /* HydratedView.swift */ = {isa = PBXFileReference; lastKnownFileType = sourcecode.swift; path = HydratedView.swift; sourceTree = "<group>"; };
		DAF2F6272AED9EC4004C8F72 /* BreatheView.swift */ = {isa = PBXFileReference; lastKnownFileType = sourcecode.swift; path = BreatheView.swift; sourceTree = "<group>"; };
		DAF2F6292AED9F96004C8F72 /* BreaksView.swift */ = {isa = PBXFileReference; lastKnownFileType = sourcecode.swift; path = BreaksView.swift; sourceTree = "<group>"; };
		DAF2F62B2AEEAD2D004C8F72 /* SleepReminderView.swift */ = {isa = PBXFileReference; lastKnownFileType = sourcecode.swift; path = SleepReminderView.swift; sourceTree = "<group>"; };
		DAF86C522AE6132300E11DC6 /* DataUtil.swift */ = {isa = PBXFileReference; lastKnownFileType = sourcecode.swift; path = DataUtil.swift; sourceTree = "<group>"; };
		DAF86C552AE6134100E11DC6 /* NavigationButton.swift */ = {isa = PBXFileReference; lastKnownFileType = sourcecode.swift; path = NavigationButton.swift; sourceTree = "<group>"; };
		DAF86C582AE6C71700E11DC6 /* ProfileView.swift */ = {isa = PBXFileReference; lastKnownFileType = sourcecode.swift; path = ProfileView.swift; sourceTree = "<group>"; };
/* End PBXFileReference section */

/* Begin PBXFrameworksBuildPhase section */
		DACC39322AD531F2002E488D /* Frameworks */ = {
			isa = PBXFrameworksBuildPhase;
			buildActionMask = 2147483647;
			files = (
				DA046C9B2AF9402E003EFE3A /* FSCalendar in Frameworks */,
			);
			runOnlyForDeploymentPostprocessing = 0;
		};
		DACC39422AD531F4002E488D /* Frameworks */ = {
			isa = PBXFrameworksBuildPhase;
			buildActionMask = 2147483647;
			files = (
			);
			runOnlyForDeploymentPostprocessing = 0;
		};
		DACC394C2AD531F4002E488D /* Frameworks */ = {
			isa = PBXFrameworksBuildPhase;
			buildActionMask = 2147483647;
			files = (
			);
			runOnlyForDeploymentPostprocessing = 0;
		};
/* End PBXFrameworksBuildPhase section */

/* Begin PBXGroup section */
		DA8CE7292AE76B0200884062 /* HabitReminder */ = {
			isa = PBXGroup;
			children = (
				DA8CE72A2AE76B5000884062 /* Detail */,
				DA8CE7252AE6F70100884062 /* HabitReminderView.swift */,
			);
			path = HabitReminder;
			sourceTree = "<group>";
		};
		DA8CE72A2AE76B5000884062 /* Detail */ = {
			isa = PBXGroup;
			children = (
				DA8CE7272AE75E4900884062 /* SunlightReminderView.swift */,
				DA8CE72B2AE76BA000884062 /* StepReminderView.swift */,
				DA8CE72D2AE76CF500884062 /* PowerNapReminderView.swift */,
				DA8CE72F2AE76D8300884062 /* CaffeineReminderView.swift */,
				DA8CE7312AE76DCE00884062 /* MealReminderView.swift */,
				DA8CE7332AE76E2B00884062 /* WorkOutReminderView.swift */,
				DA8CE7352AE76E7A00884062 /* JournalingReminderView.swift */,
				DA8CE7372AE76EB000884062 /* DimTheLightReminderView.swift */,
				DA8CE7392AE76F3C00884062 /* HygieneView.swift */,
				DAF2F6252AED9CB9004C8F72 /* HydratedView.swift */,
				DAF2F6272AED9EC4004C8F72 /* BreatheView.swift */,
				DAF2F6292AED9F96004C8F72 /* BreaksView.swift */,
				DA8DC4462AF0A9D500FA476A /* ScreenTimeView.swift */,
				DA8DC4482AF0ABE500FA476A /* LimitAlcoholView.swift */,
				DA8DC44A2AF0AC7B00FA476A /* MeditationView.swift */,
			);
			path = Detail;
			sourceTree = "<group>";
		};
		DA8CE7622AE7B01A00884062 /* Persistence */ = {
			isa = PBXGroup;
			children = (
				DA8CE7652AE7B06600884062 /* SleepWell.xcdatamodeld */,
				DA8CE7632AE7B03900884062 /* Persistence.swift */,
			);
			path = Persistence;
			sourceTree = "<group>";
		};
		DA8CE76D2AE7C77B00884062 /* Dashboard */ = {
			isa = PBXGroup;
			children = (
				DA9099B82AE909D50011B09B /* DashboardView.swift */,
				BF036E082B0A837A00DDFBB4 /* DashboardView2.swift */,
				DAF2F62B2AEEAD2D004C8F72 /* SleepReminderView.swift */,
				DA3028382AEF959E00A334FA /* TodayStepView.swift */,
				DA945B282AEFB6F5009E7D64 /* JournalView.swift */,
				DA1D174E2B02150300CDA3C6 /* AddJournalView.swift */,
				DAEA59222B0481C4002FC70C /* DetailJournal.swift */,
			);
			path = Dashboard;
			sourceTree = "<group>";
		};
		DA8DC4402AF02D9200FA476A /* tmp */ = {
			isa = PBXGroup;
			children = (
				DADBD0272ADE27B600E74D3C /* Screen7View.swift */,
				DADBD01F2ADE213400E74D3C /* Screen1View.swift */,
				DA2C32592AEB76DB00D18B19 /* WalkTroughView.swift */,
				DABFA3432AE17B590012DEC2 /* SelectionView.swift */,
				DA0E5B1A2ADF108F002563DB /* Screen5Viewnot.swift */,
				DADF46122ADE321800771DF0 /* Screen7notView.swift */,
				DA0E5B1C2ADF6D3F002563DB /* Screen6notView.swift */,
				DA945B2A2AEFF321009E7D64 /* TesAutoSlide.swift */,
				DA8CE73B2AE77CA300884062 /* MeetChilaView.swift */,
				DA8CE73D2AE77E9B00884062 /* PlanView.swift */,
				DA8CE73F2AE77EED00884062 /* TrackView.swift */,
				DA8CE7412AE77F3600884062 /* RemindView.swift */,
				DA94B1202B0380CC00086A2E /* Test.swift */,
			);
			path = tmp;
			sourceTree = "<group>";
		};
		DA8DC4432AF03B1D00FA476A /* SplashScreen */ = {
			isa = PBXGroup;
			children = (
				DA8DC4442AF03B3000FA476A /* SplashScreenView.swift */,
			);
			path = SplashScreen;
			sourceTree = "<group>";
		};
		DA8DC44C2AF152E500FA476A /* MySleep */ = {
			isa = PBXGroup;
			children = (
				DA8DC44D2AF152F300FA476A /* MySleepView.swift */,
				DA4A73392AFD5302002DC913 /* KiwKiwView.swift */,
				DA1D17442B0151E200CDA3C6 /* BeforeSleepFeelingView.swift */,
				DA1D17482B01B79C00CDA3C6 /* AfterSleepFeelingView.swift */,
				DAEA59242B048375002FC70C /* NightView.swift */,
				DAEA59262B048395002FC70C /* WakeUpView.swift */,
			);
			path = MySleep;
			sourceTree = "<group>";
		};
		DABFA33D2AE132420012DEC2 /* View Model */ = {
			isa = PBXGroup;
			children = (
				DABFA33E2AE132570012DEC2 /* SleepManager2.swift */,
				DAAD1B2E2AE8BED200C85F43 /* UserViewModel.swift */,
				DA2C324B2AEB4DAA00D18B19 /* HealthManager.swift */,
				DA2C324D2AEB512600D18B19 /* SleepManager.swift */,
				DA2C32512AEB576700D18B19 /* SleepFilter.swift */,
				DA2C32552AEB5FB300D18B19 /* StepService.swift */,
				DA2C32572AEB73B400D18B19 /* UserNotificationService.swift */,
				DAF2F6212AED4C3D004C8F72 /* ReminderViewModel.swift */,
				DAEC5CEB2B02AFA900560BDB /* JournalViewModel.swift */,
				DA741A392B03189500921DF2 /* DailyHabitsViewModel.swift */,
			);
			path = "View Model";
			sourceTree = "<group>";
		};
		DACC392C2AD531F2002E488D = {
			isa = PBXGroup;
			children = (
				DACC39372AD531F2002E488D /* SleepWell */,
				DACC39482AD531F4002E488D /* SleepWellTests */,
				DACC39522AD531F4002E488D /* SleepWellUITests */,
				DACC39362AD531F2002E488D /* Products */,
			);
			sourceTree = "<group>";
		};
		DACC39362AD531F2002E488D /* Products */ = {
			isa = PBXGroup;
			children = (
				DACC39352AD531F2002E488D /* SleepWell.app */,
				DACC39452AD531F4002E488D /* SleepWellTests.xctest */,
				DACC394F2AD531F4002E488D /* SleepWellUITests.xctest */,
			);
			name = Products;
			sourceTree = "<group>";
		};
		DACC39372AD531F2002E488D /* SleepWell */ = {
			isa = PBXGroup;
			children = (
				BFC0FF612B04D81E00A6B382 /* Info.plist */,
				DA8CE7622AE7B01A00884062 /* Persistence */,
				DABFA3422AE133980012DEC2 /* SleepWell.entitlements */,
				DABFA33D2AE132420012DEC2 /* View Model */,
				DADBD0182ADD301200E74D3C /* Extensions */,
				DACC39652AD5337D002E488D /* Utility */,
				DACC39632AD5333E002E488D /* View */,
				DACC39622AD53332002E488D /* Model */,
				DACC39382AD531F2002E488D /* SleepWellApp.swift */,
				DACC393A2AD531F2002E488D /* ContentView.swift */,
				DACC393C2AD531F4002E488D /* Assets.xcassets */,
				DACC393E2AD531F4002E488D /* Preview Content */,
			);
			path = SleepWell;
			sourceTree = "<group>";
		};
		DACC393E2AD531F4002E488D /* Preview Content */ = {
			isa = PBXGroup;
			children = (
				DACC393F2AD531F4002E488D /* Preview Assets.xcassets */,
			);
			path = "Preview Content";
			sourceTree = "<group>";
		};
		DACC39482AD531F4002E488D /* SleepWellTests */ = {
			isa = PBXGroup;
			children = (
				DACC39492AD531F4002E488D /* SleepWellTests.swift */,
			);
			path = SleepWellTests;
			sourceTree = "<group>";
		};
		DACC39522AD531F4002E488D /* SleepWellUITests */ = {
			isa = PBXGroup;
			children = (
				DACC39532AD531F4002E488D /* SleepWellUITests.swift */,
				DACC39552AD531F4002E488D /* SleepWellUITestsLaunchTests.swift */,
			);
			path = SleepWellUITests;
			sourceTree = "<group>";
		};
		DACC39622AD53332002E488D /* Model */ = {
			isa = PBXGroup;
			children = (
				DABFA3402AE1327D0012DEC2 /* SleepEntry.swift */,
				DA8CE7932AE8249100884062 /* UserModel.swift */,
				DAF2F6232AED4D29004C8F72 /* ReminderModel.swift */,
				DA1D174C2B02149700CDA3C6 /* JournalEntry.swift */,
				DAEC5CED2B02BDE800560BDB /* DailyHabbit.swift */,
			);
			path = Model;
			sourceTree = "<group>";
		};
		DACC39632AD5333E002E488D /* View */ = {
			isa = PBXGroup;
			children = (
				DACC39672AD53396002E488D /* Component */,
				DACC39662AD5338B002E488D /* Screen */,
			);
			path = View;
			sourceTree = "<group>";
		};
		DACC39652AD5337D002E488D /* Utility */ = {
			isa = PBXGroup;
			children = (
				DAF86C522AE6132300E11DC6 /* DataUtil.swift */,
				DAAD1B2A2AE8B7AC00C85F43 /* DateUtil.swift */,
				DAAD1B2C2AE8B94100C85F43 /* SleepUtil.swift */,
				DA046C972AF93FA5003EFE3A /* Calendar.swift */,
				DA046C9E2AF9E116003EFE3A /* WeekUtil.swift */,
			);
			path = Utility;
			sourceTree = "<group>";
		};
		DACC39662AD5338B002E488D /* Screen */ = {
			isa = PBXGroup;
			children = (
				DA8DC44C2AF152E500FA476A /* MySleep */,
				DA8DC4432AF03B1D00FA476A /* SplashScreen */,
				DA8CE76D2AE7C77B00884062 /* Dashboard */,
				DA8CE7292AE76B0200884062 /* HabitReminder */,
				DAF86C572AE6C6CA00E11DC6 /* Profile */,
				DADBD0152ADD235200E74D3C /* OnBoarding */,
				DACC39682AD533B5002E488D /* HomeScreenView.swift */,
			);
			path = Screen;
			sourceTree = "<group>";
		};
		DACC39672AD53396002E488D /* Component */ = {
			isa = PBXGroup;
			children = (
				DADBD01B2ADD33D300E74D3C /* RoundedButton.swift */,
				DADBD0292ADE284C00E74D3C /* TImePicker.swift */,
				DADF46162ADE389300771DF0 /* CircularDotProgressView.swift */,
				DA0E5B202ADF7F89002563DB /* RoundedPicker.swift */,
				DAF86C552AE6134100E11DC6 /* NavigationButton.swift */,
				DA9099BA2AE911060011B09B /* CircularBarView.swift */,
				DA9099BC2AE911F20011B09B /* StepCircularView.swift */,
				DA3028362AEF939300A334FA /* CustomViewButton.swift */,
				DA046CA22AF9E1FB003EFE3A /* WeeksTabView.swift */,
				DA046CA42AF9E31D003EFE3A /* WeekView.swift */,
				DA046CA62AFB22B7003EFE3A /* RingSleepTabView.swift */,
				DA4AABC92AFC6C040016A134 /* DetailSleepView.swift */,
				DAED2F4B2AFFCC2800915BC7 /* RoundedRectanglePink.swift */,
				DAED2F4D2AFFE29000915BC7 /* RoundedRectangleFeeling.swift */,
				DAED2F512AFFFBE900915BC7 /* HabbitCard.swift */,
				DA1D17462B01542400CDA3C6 /* RoundedFeelingView.swift */,
				DA1D174A2B02144800CDA3C6 /* JournalComponent.swift */,
				BFC0FF662B0540BC00A6B382 /* Alegreya Sans Regular 400.ttf */,
				BFC0FF682B055AE400A6B382 /* SansitaSwashed-VariableFont_wght.ttf */,
			);
			path = Component;
			sourceTree = "<group>";
		};
		DADBD0152ADD235200E74D3C /* OnBoarding */ = {
			isa = PBXGroup;
			children = (
				DA8DC4402AF02D9200FA476A /* tmp */,
				DADBD0162ADD236300E74D3C /* OnBoardingView.swift */,
				DADBD0212ADE21E100E74D3C /* Screen2View.swift */,
				DADBD0232ADE22C400E74D3C /* Screen3View.swift */,
				DADBD0252ADE274000E74D3C /* Screen4View.swift */,
				DA0E5B1E2ADF709B002563DB /* Screen5View.swift */,
				DA2F3AEC2AE1A5EF0032E190 /* Screen6View.swift */,
				DA2F3AEE2AE1A6390032E190 /* Screen8View.swift */,
				DADF46142ADE328E00771DF0 /* Screen9View.swift */,
				DADF461A2ADE4B9900771DF0 /* ConfirmationView.swift */,
				DA8DC43E2AF019E800FA476A /* FeatureView.swift */,
				DA8DC4412AF02DF300FA476A /* SleepProblemView.swift */,
			);
			path = OnBoarding;
			sourceTree = "<group>";
		};
		DADBD0182ADD301200E74D3C /* Extensions */ = {
			isa = PBXGroup;
			children = (
				DADBD0192ADD302400E74D3C /* Color+Extensions.swift */,
				DA9099BE2AE95E9D0011B09B /* UIColor+Entensions.swift */,
				DA046C9C2AF940BF003EFE3A /* Extension+Calender.swift */,
				DA046CA02AF9E16D003EFE3A /* Date+Extension.swift */,
			);
			path = Extensions;
			sourceTree = "<group>";
		};
		DAF86C572AE6C6CA00E11DC6 /* Profile */ = {
			isa = PBXGroup;
			children = (
				DAF86C582AE6C71700E11DC6 /* ProfileView.swift */,
			);
			path = Profile;
			sourceTree = "<group>";
		};
/* End PBXGroup section */

/* Begin PBXNativeTarget section */
		DACC39342AD531F2002E488D /* SleepWell */ = {
			isa = PBXNativeTarget;
			buildConfigurationList = DACC39592AD531F4002E488D /* Build configuration list for PBXNativeTarget "SleepWell" */;
			buildPhases = (
				DACC39312AD531F2002E488D /* Sources */,
				DACC39322AD531F2002E488D /* Frameworks */,
				DACC39332AD531F2002E488D /* Resources */,
			);
			buildRules = (
			);
			dependencies = (
			);
			name = SleepWell;
			packageProductDependencies = (
				DA046C9A2AF9402E003EFE3A /* FSCalendar */,
			);
			productName = SleepWell;
			productReference = DACC39352AD531F2002E488D /* SleepWell.app */;
			productType = "com.apple.product-type.application";
		};
		DACC39442AD531F4002E488D /* SleepWellTests */ = {
			isa = PBXNativeTarget;
			buildConfigurationList = DACC395C2AD531F4002E488D /* Build configuration list for PBXNativeTarget "SleepWellTests" */;
			buildPhases = (
				DACC39412AD531F4002E488D /* Sources */,
				DACC39422AD531F4002E488D /* Frameworks */,
				DACC39432AD531F4002E488D /* Resources */,
			);
			buildRules = (
			);
			dependencies = (
				DACC39472AD531F4002E488D /* PBXTargetDependency */,
			);
			name = SleepWellTests;
			productName = SleepWellTests;
			productReference = DACC39452AD531F4002E488D /* SleepWellTests.xctest */;
			productType = "com.apple.product-type.bundle.unit-test";
		};
		DACC394E2AD531F4002E488D /* SleepWellUITests */ = {
			isa = PBXNativeTarget;
			buildConfigurationList = DACC395F2AD531F4002E488D /* Build configuration list for PBXNativeTarget "SleepWellUITests" */;
			buildPhases = (
				DACC394B2AD531F4002E488D /* Sources */,
				DACC394C2AD531F4002E488D /* Frameworks */,
				DACC394D2AD531F4002E488D /* Resources */,
			);
			buildRules = (
			);
			dependencies = (
				DACC39512AD531F4002E488D /* PBXTargetDependency */,
			);
			name = SleepWellUITests;
			productName = SleepWellUITests;
			productReference = DACC394F2AD531F4002E488D /* SleepWellUITests.xctest */;
			productType = "com.apple.product-type.bundle.ui-testing";
		};
/* End PBXNativeTarget section */

/* Begin PBXProject section */
		DACC392D2AD531F2002E488D /* Project object */ = {
			isa = PBXProject;
			attributes = {
				BuildIndependentTargetsInParallel = 1;
				LastSwiftUpdateCheck = 1500;
				LastUpgradeCheck = 1500;
				TargetAttributes = {
					DACC39342AD531F2002E488D = {
						CreatedOnToolsVersion = 15.0;
					};
					DACC39442AD531F4002E488D = {
						CreatedOnToolsVersion = 15.0;
						TestTargetID = DACC39342AD531F2002E488D;
					};
					DACC394E2AD531F4002E488D = {
						CreatedOnToolsVersion = 15.0;
						TestTargetID = DACC39342AD531F2002E488D;
					};
				};
			};
			buildConfigurationList = DACC39302AD531F2002E488D /* Build configuration list for PBXProject "SleepWell" */;
			compatibilityVersion = "Xcode 14.0";
			developmentRegion = en;
			hasScannedForEncodings = 0;
			knownRegions = (
				en,
				Base,
			);
			mainGroup = DACC392C2AD531F2002E488D;
			packageReferences = (
				DA046C992AF9402E003EFE3A /* XCRemoteSwiftPackageReference "FSCalendar" */,
			);
			productRefGroup = DACC39362AD531F2002E488D /* Products */;
			projectDirPath = "";
			projectRoot = "";
			targets = (
				DACC39342AD531F2002E488D /* SleepWell */,
				DACC39442AD531F4002E488D /* SleepWellTests */,
				DACC394E2AD531F4002E488D /* SleepWellUITests */,
			);
		};
/* End PBXProject section */

/* Begin PBXResourcesBuildPhase section */
		DACC39332AD531F2002E488D /* Resources */ = {
			isa = PBXResourcesBuildPhase;
			buildActionMask = 2147483647;
			files = (
				DACC39402AD531F4002E488D /* Preview Assets.xcassets in Resources */,
				BFC0FF692B055AE400A6B382 /* SansitaSwashed-VariableFont_wght.ttf in Resources */,
				DACC393D2AD531F4002E488D /* Assets.xcassets in Resources */,
				BFC0FF672B0540BC00A6B382 /* Alegreya Sans Regular 400.ttf in Resources */,
			);
			runOnlyForDeploymentPostprocessing = 0;
		};
		DACC39432AD531F4002E488D /* Resources */ = {
			isa = PBXResourcesBuildPhase;
			buildActionMask = 2147483647;
			files = (
			);
			runOnlyForDeploymentPostprocessing = 0;
		};
		DACC394D2AD531F4002E488D /* Resources */ = {
			isa = PBXResourcesBuildPhase;
			buildActionMask = 2147483647;
			files = (
			);
			runOnlyForDeploymentPostprocessing = 0;
		};
/* End PBXResourcesBuildPhase section */

/* Begin PBXSourcesBuildPhase section */
		DACC39312AD531F2002E488D /* Sources */ = {
			isa = PBXSourcesBuildPhase;
			buildActionMask = 2147483647;
			files = (
				DABFA3442AE17B590012DEC2 /* SelectionView.swift in Sources */,
				DAF2F62A2AED9F96004C8F72 /* BreaksView.swift in Sources */,
				DAAD1B2D2AE8B94100C85F43 /* SleepUtil.swift in Sources */,
				DA8CE7262AE6F70100884062 /* HabitReminderView.swift in Sources */,
				DA8DC4422AF02DF300FA476A /* SleepProblemView.swift in Sources */,
				DA8CE73C2AE77CA300884062 /* MeetChilaView.swift in Sources */,
				DADBD02A2ADE284C00E74D3C /* TImePicker.swift in Sources */,
				DA1D174F2B02150300CDA3C6 /* AddJournalView.swift in Sources */,
				DA1D17472B01542400CDA3C6 /* RoundedFeelingView.swift in Sources */,
				DADF46172ADE389300771DF0 /* CircularDotProgressView.swift in Sources */,
				DA1D17452B0151E200CDA3C6 /* BeforeSleepFeelingView.swift in Sources */,
				DAED2F4E2AFFE29000915BC7 /* RoundedRectangleFeeling.swift in Sources */,
				DADBD01A2ADD302400E74D3C /* Color+Extensions.swift in Sources */,
				DA9099B92AE909D50011B09B /* DashboardView.swift in Sources */,
				DA4AABCA2AFC6C040016A134 /* DetailSleepView.swift in Sources */,
				DA8CE7382AE76EB000884062 /* DimTheLightReminderView.swift in Sources */,
				DA1D174B2B02144800CDA3C6 /* JournalComponent.swift in Sources */,
				DADBD01C2ADD33D300E74D3C /* RoundedButton.swift in Sources */,
				DAEC5CEC2B02AFA900560BDB /* JournalViewModel.swift in Sources */,
				DA2C32582AEB73B400D18B19 /* UserNotificationService.swift in Sources */,
				DA1D174D2B02149700CDA3C6 /* JournalEntry.swift in Sources */,
				DA94B1212B0380CC00086A2E /* Test.swift in Sources */,
				DA8CE7942AE8249100884062 /* UserModel.swift in Sources */,
				DABFA3412AE1327D0012DEC2 /* SleepEntry.swift in Sources */,
				DABFA33F2AE132570012DEC2 /* SleepManager2.swift in Sources */,
				DA046CA32AF9E1FB003EFE3A /* WeeksTabView.swift in Sources */,
				DA945B2B2AEFF321009E7D64 /* TesAutoSlide.swift in Sources */,
				DAAD1B2F2AE8BED200C85F43 /* UserViewModel.swift in Sources */,
				DA046CA12AF9E16D003EFE3A /* Date+Extension.swift in Sources */,
				DA2C324E2AEB512600D18B19 /* SleepManager.swift in Sources */,
				DAF86C532AE6132300E11DC6 /* DataUtil.swift in Sources */,
				DAF2F6242AED4D29004C8F72 /* ReminderModel.swift in Sources */,
				DAAD1B2B2AE8B7AC00C85F43 /* DateUtil.swift in Sources */,
				DA8CE7402AE77EED00884062 /* TrackView.swift in Sources */,
				DADBD0262ADE274100E74D3C /* Screen4View.swift in Sources */,
				DA2F3AED2AE1A5EF0032E190 /* Screen6View.swift in Sources */,
				DA2C324C2AEB4DAA00D18B19 /* HealthManager.swift in Sources */,
				DAF2F6222AED4C3D004C8F72 /* ReminderViewModel.swift in Sources */,
				DA0E5B1B2ADF108F002563DB /* Screen5Viewnot.swift in Sources */,
				DADBD0242ADE22C400E74D3C /* Screen3View.swift in Sources */,
				DA046C9D2AF940BF003EFE3A /* Extension+Calender.swift in Sources */,
				DA8CE7642AE7B03900884062 /* Persistence.swift in Sources */,
				DAF86C592AE6C71700E11DC6 /* ProfileView.swift in Sources */,
				DA3028372AEF939300A334FA /* CustomViewButton.swift in Sources */,
				DA4A733A2AFD5302002DC913 /* KiwKiwView.swift in Sources */,
				DA8DC4492AF0ABE500FA476A /* LimitAlcoholView.swift in Sources */,
				DA8CE7302AE76D8300884062 /* CaffeineReminderView.swift in Sources */,
				DACC39692AD533B5002E488D /* HomeScreenView.swift in Sources */,
				DA741A3A2B03189500921DF2 /* DailyHabitsViewModel.swift in Sources */,
				DA046C982AF93FA5003EFE3A /* Calendar.swift in Sources */,
				DA8CE73A2AE76F3C00884062 /* HygieneView.swift in Sources */,
				DA9099BD2AE911F20011B09B /* StepCircularView.swift in Sources */,
				DADBD0172ADD236300E74D3C /* OnBoardingView.swift in Sources */,
				DA0E5B212ADF7F89002563DB /* RoundedPicker.swift in Sources */,
				DAF2F6262AED9CB9004C8F72 /* HydratedView.swift in Sources */,
				DAEA59252B048375002FC70C /* NightView.swift in Sources */,
				DA8DC44E2AF152F300FA476A /* MySleepView.swift in Sources */,
				DA8CE72C2AE76BA000884062 /* StepReminderView.swift in Sources */,
				DAF2F6282AED9EC4004C8F72 /* BreatheView.swift in Sources */,
				DA8DC4472AF0A9D500FA476A /* ScreenTimeView.swift in Sources */,
				DA8CE7342AE76E2B00884062 /* WorkOutReminderView.swift in Sources */,
				DA8CE72E2AE76CF500884062 /* PowerNapReminderView.swift in Sources */,
				DA9099BB2AE911060011B09B /* CircularBarView.swift in Sources */,
				DA8CE7422AE77F3600884062 /* RemindView.swift in Sources */,
				DAEC5CEE2B02BDE800560BDB /* DailyHabbit.swift in Sources */,
				DA8CE7672AE7B06600884062 /* SleepWell.xcdatamodeld in Sources */,
				DA046C9F2AF9E116003EFE3A /* WeekUtil.swift in Sources */,
				DA1D17492B01B79C00CDA3C6 /* AfterSleepFeelingView.swift in Sources */,
				DA945B292AEFB6F5009E7D64 /* JournalView.swift in Sources */,
				DAED2F522AFFFBE900915BC7 /* HabbitCard.swift in Sources */,
				DAED2F4C2AFFCC2800915BC7 /* RoundedRectanglePink.swift in Sources */,
				DA8CE7362AE76E7A00884062 /* JournalingReminderView.swift in Sources */,
				DA046CA72AFB22B7003EFE3A /* RingSleepTabView.swift in Sources */,
				DA2C32522AEB576700D18B19 /* SleepFilter.swift in Sources */,
				DA8DC43F2AF019E800FA476A /* FeatureView.swift in Sources */,
				DADBD0282ADE27B600E74D3C /* Screen7View.swift in Sources */,
				DA8CE7282AE75E4900884062 /* SunlightReminderView.swift in Sources */,
				DADF46152ADE328E00771DF0 /* Screen9View.swift in Sources */,
				DA0E5B1D2ADF6D3F002563DB /* Screen6notView.swift in Sources */,
				DACC393B2AD531F2002E488D /* ContentView.swift in Sources */,
				DA8CE7322AE76DCE00884062 /* MealReminderView.swift in Sources */,
				DADF46132ADE321800771DF0 /* Screen7notView.swift in Sources */,
				DAF86C562AE6134100E11DC6 /* NavigationButton.swift in Sources */,
				DADF461B2ADE4B9900771DF0 /* ConfirmationView.swift in Sources */,
				DA2C325A2AEB76DB00D18B19 /* WalkTroughView.swift in Sources */,
				DA9099BF2AE95E9D0011B09B /* UIColor+Entensions.swift in Sources */,
				DA046CA52AF9E31D003EFE3A /* WeekView.swift in Sources */,
				DA0E5B1F2ADF709B002563DB /* Screen5View.swift in Sources */,
				DADBD0202ADE213400E74D3C /* Screen1View.swift in Sources */,
				DADBD0222ADE21E100E74D3C /* Screen2View.swift in Sources */,
				DA2F3AEF2AE1A6390032E190 /* Screen8View.swift in Sources */,
				DAF2F62C2AEEAD2D004C8F72 /* SleepReminderView.swift in Sources */,
				DA8DC44B2AF0AC7B00FA476A /* MeditationView.swift in Sources */,
				DACC39392AD531F2002E488D /* SleepWellApp.swift in Sources */,
				DA2C32562AEB5FB300D18B19 /* StepService.swift in Sources */,
				DAEA59272B048395002FC70C /* WakeUpView.swift in Sources */,
				DAEA59232B0481C4002FC70C /* DetailJournal.swift in Sources */,
				DA8DC4452AF03B3000FA476A /* SplashScreenView.swift in Sources */,
				BF036E092B0A837A00DDFBB4 /* DashboardView2.swift in Sources */,
				DA3028392AEF959E00A334FA /* TodayStepView.swift in Sources */,
				DA8CE73E2AE77E9B00884062 /* PlanView.swift in Sources */,
			);
			runOnlyForDeploymentPostprocessing = 0;
		};
		DACC39412AD531F4002E488D /* Sources */ = {
			isa = PBXSourcesBuildPhase;
			buildActionMask = 2147483647;
			files = (
				DACC394A2AD531F4002E488D /* SleepWellTests.swift in Sources */,
			);
			runOnlyForDeploymentPostprocessing = 0;
		};
		DACC394B2AD531F4002E488D /* Sources */ = {
			isa = PBXSourcesBuildPhase;
			buildActionMask = 2147483647;
			files = (
				DACC39562AD531F4002E488D /* SleepWellUITestsLaunchTests.swift in Sources */,
				DACC39542AD531F4002E488D /* SleepWellUITests.swift in Sources */,
			);
			runOnlyForDeploymentPostprocessing = 0;
		};
/* End PBXSourcesBuildPhase section */

/* Begin PBXTargetDependency section */
		DACC39472AD531F4002E488D /* PBXTargetDependency */ = {
			isa = PBXTargetDependency;
			target = DACC39342AD531F2002E488D /* SleepWell */;
			targetProxy = DACC39462AD531F4002E488D /* PBXContainerItemProxy */;
		};
		DACC39512AD531F4002E488D /* PBXTargetDependency */ = {
			isa = PBXTargetDependency;
			target = DACC39342AD531F2002E488D /* SleepWell */;
			targetProxy = DACC39502AD531F4002E488D /* PBXContainerItemProxy */;
		};
/* End PBXTargetDependency section */

/* Begin XCBuildConfiguration section */
		DACC39572AD531F4002E488D /* Debug */ = {
			isa = XCBuildConfiguration;
			buildSettings = {
				ALWAYS_SEARCH_USER_PATHS = NO;
				ASSETCATALOG_COMPILER_GENERATE_SWIFT_ASSET_SYMBOL_EXTENSIONS = YES;
				CLANG_ANALYZER_NONNULL = YES;
				CLANG_ANALYZER_NUMBER_OBJECT_CONVERSION = YES_AGGRESSIVE;
				CLANG_CXX_LANGUAGE_STANDARD = "gnu++20";
				CLANG_ENABLE_MODULES = YES;
				CLANG_ENABLE_OBJC_ARC = YES;
				CLANG_ENABLE_OBJC_WEAK = YES;
				CLANG_WARN_BLOCK_CAPTURE_AUTORELEASING = YES;
				CLANG_WARN_BOOL_CONVERSION = YES;
				CLANG_WARN_COMMA = YES;
				CLANG_WARN_CONSTANT_CONVERSION = YES;
				CLANG_WARN_DEPRECATED_OBJC_IMPLEMENTATIONS = YES;
				CLANG_WARN_DIRECT_OBJC_ISA_USAGE = YES_ERROR;
				CLANG_WARN_DOCUMENTATION_COMMENTS = YES;
				CLANG_WARN_EMPTY_BODY = YES;
				CLANG_WARN_ENUM_CONVERSION = YES;
				CLANG_WARN_INFINITE_RECURSION = YES;
				CLANG_WARN_INT_CONVERSION = YES;
				CLANG_WARN_NON_LITERAL_NULL_CONVERSION = YES;
				CLANG_WARN_OBJC_IMPLICIT_RETAIN_SELF = YES;
				CLANG_WARN_OBJC_LITERAL_CONVERSION = YES;
				CLANG_WARN_OBJC_ROOT_CLASS = YES_ERROR;
				CLANG_WARN_QUOTED_INCLUDE_IN_FRAMEWORK_HEADER = YES;
				CLANG_WARN_RANGE_LOOP_ANALYSIS = YES;
				CLANG_WARN_STRICT_PROTOTYPES = YES;
				CLANG_WARN_SUSPICIOUS_MOVE = YES;
				CLANG_WARN_UNGUARDED_AVAILABILITY = YES_AGGRESSIVE;
				CLANG_WARN_UNREACHABLE_CODE = YES;
				CLANG_WARN__DUPLICATE_METHOD_MATCH = YES;
				COPY_PHASE_STRIP = NO;
				DEBUG_INFORMATION_FORMAT = dwarf;
				ENABLE_STRICT_OBJC_MSGSEND = YES;
				ENABLE_TESTABILITY = YES;
				ENABLE_USER_SCRIPT_SANDBOXING = YES;
				GCC_C_LANGUAGE_STANDARD = gnu17;
				GCC_DYNAMIC_NO_PIC = NO;
				GCC_NO_COMMON_BLOCKS = YES;
				GCC_OPTIMIZATION_LEVEL = 0;
				GCC_PREPROCESSOR_DEFINITIONS = (
					"DEBUG=1",
					"$(inherited)",
				);
				GCC_WARN_64_TO_32_BIT_CONVERSION = YES;
				GCC_WARN_ABOUT_RETURN_TYPE = YES_ERROR;
				GCC_WARN_UNDECLARED_SELECTOR = YES;
				GCC_WARN_UNINITIALIZED_AUTOS = YES_AGGRESSIVE;
				GCC_WARN_UNUSED_FUNCTION = YES;
				GCC_WARN_UNUSED_VARIABLE = YES;
				IPHONEOS_DEPLOYMENT_TARGET = 17.0;
				LOCALIZATION_PREFERS_STRING_CATALOGS = YES;
				MTL_ENABLE_DEBUG_INFO = INCLUDE_SOURCE;
				MTL_FAST_MATH = YES;
				ONLY_ACTIVE_ARCH = YES;
				SDKROOT = iphoneos;
				SWIFT_ACTIVE_COMPILATION_CONDITIONS = "DEBUG $(inherited)";
				SWIFT_OPTIMIZATION_LEVEL = "-Onone";
			};
			name = Debug;
		};
		DACC39582AD531F4002E488D /* Release */ = {
			isa = XCBuildConfiguration;
			buildSettings = {
				ALWAYS_SEARCH_USER_PATHS = NO;
				ASSETCATALOG_COMPILER_GENERATE_SWIFT_ASSET_SYMBOL_EXTENSIONS = YES;
				CLANG_ANALYZER_NONNULL = YES;
				CLANG_ANALYZER_NUMBER_OBJECT_CONVERSION = YES_AGGRESSIVE;
				CLANG_CXX_LANGUAGE_STANDARD = "gnu++20";
				CLANG_ENABLE_MODULES = YES;
				CLANG_ENABLE_OBJC_ARC = YES;
				CLANG_ENABLE_OBJC_WEAK = YES;
				CLANG_WARN_BLOCK_CAPTURE_AUTORELEASING = YES;
				CLANG_WARN_BOOL_CONVERSION = YES;
				CLANG_WARN_COMMA = YES;
				CLANG_WARN_CONSTANT_CONVERSION = YES;
				CLANG_WARN_DEPRECATED_OBJC_IMPLEMENTATIONS = YES;
				CLANG_WARN_DIRECT_OBJC_ISA_USAGE = YES_ERROR;
				CLANG_WARN_DOCUMENTATION_COMMENTS = YES;
				CLANG_WARN_EMPTY_BODY = YES;
				CLANG_WARN_ENUM_CONVERSION = YES;
				CLANG_WARN_INFINITE_RECURSION = YES;
				CLANG_WARN_INT_CONVERSION = YES;
				CLANG_WARN_NON_LITERAL_NULL_CONVERSION = YES;
				CLANG_WARN_OBJC_IMPLICIT_RETAIN_SELF = YES;
				CLANG_WARN_OBJC_LITERAL_CONVERSION = YES;
				CLANG_WARN_OBJC_ROOT_CLASS = YES_ERROR;
				CLANG_WARN_QUOTED_INCLUDE_IN_FRAMEWORK_HEADER = YES;
				CLANG_WARN_RANGE_LOOP_ANALYSIS = YES;
				CLANG_WARN_STRICT_PROTOTYPES = YES;
				CLANG_WARN_SUSPICIOUS_MOVE = YES;
				CLANG_WARN_UNGUARDED_AVAILABILITY = YES_AGGRESSIVE;
				CLANG_WARN_UNREACHABLE_CODE = YES;
				CLANG_WARN__DUPLICATE_METHOD_MATCH = YES;
				COPY_PHASE_STRIP = NO;
				DEBUG_INFORMATION_FORMAT = "dwarf-with-dsym";
				ENABLE_NS_ASSERTIONS = NO;
				ENABLE_STRICT_OBJC_MSGSEND = YES;
				ENABLE_USER_SCRIPT_SANDBOXING = YES;
				GCC_C_LANGUAGE_STANDARD = gnu17;
				GCC_NO_COMMON_BLOCKS = YES;
				GCC_WARN_64_TO_32_BIT_CONVERSION = YES;
				GCC_WARN_ABOUT_RETURN_TYPE = YES_ERROR;
				GCC_WARN_UNDECLARED_SELECTOR = YES;
				GCC_WARN_UNINITIALIZED_AUTOS = YES_AGGRESSIVE;
				GCC_WARN_UNUSED_FUNCTION = YES;
				GCC_WARN_UNUSED_VARIABLE = YES;
				IPHONEOS_DEPLOYMENT_TARGET = 17.0;
				LOCALIZATION_PREFERS_STRING_CATALOGS = YES;
				MTL_ENABLE_DEBUG_INFO = NO;
				MTL_FAST_MATH = YES;
				SDKROOT = iphoneos;
				SWIFT_COMPILATION_MODE = wholemodule;
				VALIDATE_PRODUCT = YES;
			};
			name = Release;
		};
		DACC395A2AD531F4002E488D /* Debug */ = {
			isa = XCBuildConfiguration;
			buildSettings = {
				ASSETCATALOG_COMPILER_APPICON_NAME = AppIcon;
				ASSETCATALOG_COMPILER_GLOBAL_ACCENT_COLOR_NAME = AccentColor;
				ASSETCATALOG_COMPILER_INCLUDE_ALL_APPICON_ASSETS = NO;
				CODE_SIGN_ENTITLEMENTS = SleepWell/SleepWell.entitlements;
				CODE_SIGN_STYLE = Manual;
				CURRENT_PROJECT_VERSION = 1;
				DEVELOPMENT_ASSET_PATHS = "\"SleepWell/Preview Content\"";
				DEVELOPMENT_TEAM = "";
				ENABLE_PREVIEWS = YES;
				GENERATE_INFOPLIST_FILE = YES;
				INFOPLIST_FILE = SleepWell/Info.plist;
				INFOPLIST_KEY_CFBundleDisplayName = Chillanion;
				INFOPLIST_KEY_LSApplicationCategoryType = "public.app-category.healthcare-fitness";
				INFOPLIST_KEY_NSHealthShareUsageDescription = "“Chilla” Would Like to Access Your Health Data ";
				INFOPLIST_KEY_NSHealthUpdateUsageDescription = "“Chilla” Would Like to Access Your Health Data ";
				INFOPLIST_KEY_UIApplicationSceneManifest_Generation = YES;
				INFOPLIST_KEY_UIApplicationSupportsIndirectInputEvents = YES;
				INFOPLIST_KEY_UILaunchScreen_Generation = YES;
				INFOPLIST_KEY_UISupportedInterfaceOrientations_iPad = "UIInterfaceOrientationPortrait UIInterfaceOrientationPortraitUpsideDown UIInterfaceOrientationLandscapeLeft UIInterfaceOrientationLandscapeRight";
				INFOPLIST_KEY_UISupportedInterfaceOrientations_iPhone = "UIInterfaceOrientationPortrait UIInterfaceOrientationLandscapeLeft UIInterfaceOrientationLandscapeRight";
				IPHONEOS_DEPLOYMENT_TARGET = 17.0;
				LD_RUNPATH_SEARCH_PATHS = (
					"$(inherited)",
					"@executable_path/Frameworks",
				);
				MARKETING_VERSION = 1.1;
				PRODUCT_BUNDLE_IDENTIFIER = billbert;
				PRODUCT_NAME = "$(TARGET_NAME)";
				PROVISIONING_PROFILE_SPECIFIER = "";
				SWIFT_EMIT_LOC_STRINGS = YES;
				SWIFT_VERSION = 5.0;
				TARGETED_DEVICE_FAMILY = "1,2";
			};
			name = Debug;
		};
		DACC395B2AD531F4002E488D /* Release */ = {
			isa = XCBuildConfiguration;
			buildSettings = {
				ASSETCATALOG_COMPILER_APPICON_NAME = AppIcon;
				ASSETCATALOG_COMPILER_GLOBAL_ACCENT_COLOR_NAME = AccentColor;
				ASSETCATALOG_COMPILER_INCLUDE_ALL_APPICON_ASSETS = NO;
				CODE_SIGN_ENTITLEMENTS = SleepWell/SleepWell.entitlements;
				CODE_SIGN_STYLE = Manual;
				CURRENT_PROJECT_VERSION = 1;
				DEVELOPMENT_ASSET_PATHS = "\"SleepWell/Preview Content\"";
				DEVELOPMENT_TEAM = "";
				ENABLE_PREVIEWS = YES;
				GENERATE_INFOPLIST_FILE = YES;
				INFOPLIST_FILE = SleepWell/Info.plist;
				INFOPLIST_KEY_CFBundleDisplayName = Chillanion;
				INFOPLIST_KEY_LSApplicationCategoryType = "public.app-category.healthcare-fitness";
				INFOPLIST_KEY_NSHealthShareUsageDescription = "“Chilla” Would Like to Access Your Health Data ";
				INFOPLIST_KEY_NSHealthUpdateUsageDescription = "“Chilla” Would Like to Access Your Health Data ";
				INFOPLIST_KEY_UIApplicationSceneManifest_Generation = YES;
				INFOPLIST_KEY_UIApplicationSupportsIndirectInputEvents = YES;
				INFOPLIST_KEY_UILaunchScreen_Generation = YES;
				INFOPLIST_KEY_UISupportedInterfaceOrientations_iPad = "UIInterfaceOrientationPortrait UIInterfaceOrientationPortraitUpsideDown UIInterfaceOrientationLandscapeLeft UIInterfaceOrientationLandscapeRight";
				INFOPLIST_KEY_UISupportedInterfaceOrientations_iPhone = "UIInterfaceOrientationPortrait UIInterfaceOrientationLandscapeLeft UIInterfaceOrientationLandscapeRight";
				IPHONEOS_DEPLOYMENT_TARGET = 17.0;
				LD_RUNPATH_SEARCH_PATHS = (
					"$(inherited)",
					"@executable_path/Frameworks",
				);
				MARKETING_VERSION = 1.1;
				PRODUCT_BUNDLE_IDENTIFIER = billbert;
				PRODUCT_NAME = "$(TARGET_NAME)";
				PROVISIONING_PROFILE_SPECIFIER = "";
				SWIFT_EMIT_LOC_STRINGS = YES;
				SWIFT_VERSION = 5.0;
				TARGETED_DEVICE_FAMILY = "1,2";
			};
			name = Release;
		};
		DACC395D2AD531F4002E488D /* Debug */ = {
			isa = XCBuildConfiguration;
			buildSettings = {
				ALWAYS_EMBED_SWIFT_STANDARD_LIBRARIES = YES;
				BUNDLE_LOADER = "$(TEST_HOST)";
				CODE_SIGN_STYLE = Automatic;
				CURRENT_PROJECT_VERSION = 1;
				DEVELOPMENT_TEAM = LC2HFZR2DS;
				GENERATE_INFOPLIST_FILE = YES;
				IPHONEOS_DEPLOYMENT_TARGET = 17.0;
				MARKETING_VERSION = 1.0;
				PRODUCT_BUNDLE_IDENTIFIER = ilb.com.SleepWellTests;
				PRODUCT_NAME = "$(TARGET_NAME)";
				SWIFT_EMIT_LOC_STRINGS = NO;
				SWIFT_VERSION = 5.0;
				TARGETED_DEVICE_FAMILY = "1,2";
				TEST_HOST = "$(BUILT_PRODUCTS_DIR)/SleepWell.app/$(BUNDLE_EXECUTABLE_FOLDER_PATH)/SleepWell";
			};
			name = Debug;
		};
		DACC395E2AD531F4002E488D /* Release */ = {
			isa = XCBuildConfiguration;
			buildSettings = {
				ALWAYS_EMBED_SWIFT_STANDARD_LIBRARIES = YES;
				BUNDLE_LOADER = "$(TEST_HOST)";
				CODE_SIGN_STYLE = Automatic;
				CURRENT_PROJECT_VERSION = 1;
				DEVELOPMENT_TEAM = LC2HFZR2DS;
				GENERATE_INFOPLIST_FILE = YES;
				IPHONEOS_DEPLOYMENT_TARGET = 17.0;
				MARKETING_VERSION = 1.0;
				PRODUCT_BUNDLE_IDENTIFIER = ilb.com.SleepWellTests;
				PRODUCT_NAME = "$(TARGET_NAME)";
				SWIFT_EMIT_LOC_STRINGS = NO;
				SWIFT_VERSION = 5.0;
				TARGETED_DEVICE_FAMILY = "1,2";
				TEST_HOST = "$(BUILT_PRODUCTS_DIR)/SleepWell.app/$(BUNDLE_EXECUTABLE_FOLDER_PATH)/SleepWell";
			};
			name = Release;
		};
		DACC39602AD531F4002E488D /* Debug */ = {
			isa = XCBuildConfiguration;
			buildSettings = {
				ALWAYS_EMBED_SWIFT_STANDARD_LIBRARIES = YES;
				CODE_SIGN_STYLE = Automatic;
				CURRENT_PROJECT_VERSION = 1;
				DEVELOPMENT_TEAM = LC2HFZR2DS;
				GENERATE_INFOPLIST_FILE = YES;
				MARKETING_VERSION = 1.0;
				PRODUCT_BUNDLE_IDENTIFIER = ilb.com.SleepWellUITests;
				PRODUCT_NAME = "$(TARGET_NAME)";
				SWIFT_EMIT_LOC_STRINGS = NO;
				SWIFT_VERSION = 5.0;
				TARGETED_DEVICE_FAMILY = "1,2";
				TEST_TARGET_NAME = SleepWell;
			};
			name = Debug;
		};
		DACC39612AD531F4002E488D /* Release */ = {
			isa = XCBuildConfiguration;
			buildSettings = {
				ALWAYS_EMBED_SWIFT_STANDARD_LIBRARIES = YES;
				CODE_SIGN_STYLE = Automatic;
				CURRENT_PROJECT_VERSION = 1;
				DEVELOPMENT_TEAM = LC2HFZR2DS;
				GENERATE_INFOPLIST_FILE = YES;
				MARKETING_VERSION = 1.0;
				PRODUCT_BUNDLE_IDENTIFIER = ilb.com.SleepWellUITests;
				PRODUCT_NAME = "$(TARGET_NAME)";
				SWIFT_EMIT_LOC_STRINGS = NO;
				SWIFT_VERSION = 5.0;
				TARGETED_DEVICE_FAMILY = "1,2";
				TEST_TARGET_NAME = SleepWell;
			};
			name = Release;
		};
/* End XCBuildConfiguration section */

/* Begin XCConfigurationList section */
		DACC39302AD531F2002E488D /* Build configuration list for PBXProject "SleepWell" */ = {
			isa = XCConfigurationList;
			buildConfigurations = (
				DACC39572AD531F4002E488D /* Debug */,
				DACC39582AD531F4002E488D /* Release */,
			);
			defaultConfigurationIsVisible = 0;
			defaultConfigurationName = Release;
		};
		DACC39592AD531F4002E488D /* Build configuration list for PBXNativeTarget "SleepWell" */ = {
			isa = XCConfigurationList;
			buildConfigurations = (
				DACC395A2AD531F4002E488D /* Debug */,
				DACC395B2AD531F4002E488D /* Release */,
			);
			defaultConfigurationIsVisible = 0;
			defaultConfigurationName = Release;
		};
		DACC395C2AD531F4002E488D /* Build configuration list for PBXNativeTarget "SleepWellTests" */ = {
			isa = XCConfigurationList;
			buildConfigurations = (
				DACC395D2AD531F4002E488D /* Debug */,
				DACC395E2AD531F4002E488D /* Release */,
			);
			defaultConfigurationIsVisible = 0;
			defaultConfigurationName = Release;
		};
		DACC395F2AD531F4002E488D /* Build configuration list for PBXNativeTarget "SleepWellUITests" */ = {
			isa = XCConfigurationList;
			buildConfigurations = (
				DACC39602AD531F4002E488D /* Debug */,
				DACC39612AD531F4002E488D /* Release */,
			);
			defaultConfigurationIsVisible = 0;
			defaultConfigurationName = Release;
		};
/* End XCConfigurationList section */

/* Begin XCRemoteSwiftPackageReference section */
		DA046C992AF9402E003EFE3A /* XCRemoteSwiftPackageReference "FSCalendar" */ = {
			isa = XCRemoteSwiftPackageReference;
			repositoryURL = "https://github.com/WenchaoD/FSCalendar.git";
			requirement = {
				kind = upToNextMajorVersion;
				minimumVersion = 2.8.4;
			};
		};
/* End XCRemoteSwiftPackageReference section */

/* Begin XCSwiftPackageProductDependency section */
		DA046C9A2AF9402E003EFE3A /* FSCalendar */ = {
			isa = XCSwiftPackageProductDependency;
			package = DA046C992AF9402E003EFE3A /* XCRemoteSwiftPackageReference "FSCalendar" */;
			productName = FSCalendar;
		};
/* End XCSwiftPackageProductDependency section */

/* Begin XCVersionGroup section */
		DA8CE7652AE7B06600884062 /* SleepWell.xcdatamodeld */ = {
			isa = XCVersionGroup;
			children = (
				DA8CE7662AE7B06600884062 /* SleepWell.xcdatamodel */,
			);
			currentVersion = DA8CE7662AE7B06600884062 /* SleepWell.xcdatamodel */;
			path = SleepWell.xcdatamodeld;
			sourceTree = "<group>";
			versionGroupType = wrapper.xcdatamodel;
		};
/* End XCVersionGroup section */
	};
	rootObject = DACC392D2AD531F2002E488D /* Project object */;
}
